
Microsoft Visual Studio Solution File, Format Version 12.00
# Visual Studio Version 16
VisualStudioVersion = 16.0.810.7
MinimumVisualStudioVersion = 10.0.40219.1
Project("{2150E333-8FDC-42A3-9474-1A3956D46DE8}") = "Application", "Application", "{CE80A07E-501B-405B-A093-8CD12592D83E}"
EndProject
Project("{2150E333-8FDC-42A3-9474-1A3956D46DE8}") = "Infrastructure.IoC", "Infrastructure.IoC", "{5B41CF99-C8E4-4010-91F3-FCB23E6FA074}"
EndProject
Project("{2150E333-8FDC-42A3-9474-1A3956D46DE8}") = "Infrastructure.Data", "Infrastructure.Data", "{E0AE99AD-809C-4C26-9B1F-8922D6977454}"
EndProject
Project("{2150E333-8FDC-42A3-9474-1A3956D46DE8}") = "Presentation", "Presentation", "{89F26D6B-5B3C-4090-A98E-53E5106F205D}"
EndProject
Project("{2150E333-8FDC-42A3-9474-1A3956D46DE8}") = "Domain", "Domain", "{09398A2A-85D6-4226-87AF-81F0453A318B}"
EndProject
Project("{FAE04EC0-301F-11D3-BF4B-00C04F79EFBC}") = "CleanArchitecture.Mvc", "CleanArchitecture.UI.Mvc\CleanArchitecture.Mvc\CleanArchitecture.Mvc.csproj", "{5331C089-888F-43EE-B646-58F7CA4A0370}"
EndProject
Project("{FAE04EC0-301F-11D3-BF4B-00C04F79EFBC}") = "CleanArchitecture.Domain", "Domain\CleanArchitecture.Domain\CleanArchitecture.Domain.csproj", "{8E0E58BB-6A8B-42B0-99F7-5035405FD1B2}"
EndProject
Project("{E53339B2-1760-4266-BCC7-CA923CBCF16C}") = "docker-compose", "docker-compose.dcproj", "{FD5EC53E-C224-42E1-88EA-2DB6AA9C7D9F}"
EndProject
Project("{FAE04EC0-301F-11D3-BF4B-00C04F79EFBC}") = "CleanArchitecture.Infrastructure.Data", "Infrastructure.Data\CleanArchitecture.Infrastructure.Data\CleanArchitecture.Infrastructure.Data.csproj", "{4CB45FBE-BA1F-46FE-BE09-94C8125DD781}"
EndProject
Project("{FAE04EC0-301F-11D3-BF4B-00C04F79EFBC}") = "CleanArchitecture.Application", "Application\CleanArchitecture.Application\CleanArchitecture.Application.csproj", "{85F3F47D-869A-4AEF-9B95-0889D6F1FB1D}"
EndProject
Project("{FAE04EC0-301F-11D3-BF4B-00C04F79EFBC}") = "CleanArchitecture.Infrasturcutre.IoC", "Infrastructure.IoC\CleanArchitecture.Infrasturcutre.IoC\CleanArchitecture.Infrasturcutre.IoC.csproj", "{68FD4AA4-2E2D-4532-B469-CAF3621E9817}"
EndProject
Project("{2150E333-8FDC-42A3-9474-1A3956D46DE8}") = "Infrastructure.Bus", "Infrastructure.Bus", "{2C2E7BBB-EC79-4E2B-8760-DA01F704A6F6}"
EndProject
Project("{2150E333-8FDC-42A3-9474-1A3956D46DE8}") = "Api", "Api", "{8C3CE387-645A-4AFD-8004-572F669B430D}"
EndProject
Project("{FAE04EC0-301F-11D3-BF4B-00C04F79EFBC}") = "CleanArchitecture.Infrastructure.Bus", "CleanArchitecture.Infrastructure.Bus\CleanArchitecture.Infrastructure.Bus.csproj", "{9C825FB4-F1EB-4DF0-9B80-C6F41EEAD996}"
EndProject
Project("{FAE04EC0-301F-11D3-BF4B-00C04F79EFBC}") = "CleanArchitecture.Domain.Core", "Domain\CleanArchitecture.Domain.Core\CleanArchitecture.Domain.Core.csproj", "{C7E3A30A-6D42-44E8-88C9-6C84ADE2804F}"
EndProject
Global
	GlobalSection(SolutionConfigurationPlatforms) = preSolution
		Debug|Any CPU = Debug|Any CPU
		Release|Any CPU = Release|Any CPU
	EndGlobalSection
	GlobalSection(ProjectConfigurationPlatforms) = postSolution
		{5331C089-888F-43EE-B646-58F7CA4A0370}.Debug|Any CPU.ActiveCfg = Debug|Any CPU
		{5331C089-888F-43EE-B646-58F7CA4A0370}.Debug|Any CPU.Build.0 = Debug|Any CPU
		{5331C089-888F-43EE-B646-58F7CA4A0370}.Release|Any CPU.ActiveCfg = Release|Any CPU
		{5331C089-888F-43EE-B646-58F7CA4A0370}.Release|Any CPU.Build.0 = Release|Any CPU
		{8E0E58BB-6A8B-42B0-99F7-5035405FD1B2}.Debug|Any CPU.ActiveCfg = Debug|Any CPU
		{8E0E58BB-6A8B-42B0-99F7-5035405FD1B2}.Debug|Any CPU.Build.0 = Debug|Any CPU
		{8E0E58BB-6A8B-42B0-99F7-5035405FD1B2}.Release|Any CPU.ActiveCfg = Release|Any CPU
		{8E0E58BB-6A8B-42B0-99F7-5035405FD1B2}.Release|Any CPU.Build.0 = Release|Any CPU
		{FD5EC53E-C224-42E1-88EA-2DB6AA9C7D9F}.Debug|Any CPU.ActiveCfg = Debug|Any CPU
		{FD5EC53E-C224-42E1-88EA-2DB6AA9C7D9F}.Debug|Any CPU.Build.0 = Debug|Any CPU
		{FD5EC53E-C224-42E1-88EA-2DB6AA9C7D9F}.Release|Any CPU.ActiveCfg = Release|Any CPU
		{FD5EC53E-C224-42E1-88EA-2DB6AA9C7D9F}.Release|Any CPU.Build.0 = Release|Any CPU
		{4CB45FBE-BA1F-46FE-BE09-94C8125DD781}.Debug|Any CPU.ActiveCfg = Debug|Any CPU
		{4CB45FBE-BA1F-46FE-BE09-94C8125DD781}.Debug|Any CPU.Build.0 = Debug|Any CPU
		{4CB45FBE-BA1F-46FE-BE09-94C8125DD781}.Release|Any CPU.ActiveCfg = Release|Any CPU
		{4CB45FBE-BA1F-46FE-BE09-94C8125DD781}.Release|Any CPU.Build.0 = Release|Any CPU
		{85F3F47D-869A-4AEF-9B95-0889D6F1FB1D}.Debug|Any CPU.ActiveCfg = Debug|Any CPU
		{85F3F47D-869A-4AEF-9B95-0889D6F1FB1D}.Debug|Any CPU.Build.0 = Debug|Any CPU
		{85F3F47D-869A-4AEF-9B95-0889D6F1FB1D}.Release|Any CPU.ActiveCfg = Release|Any CPU
		{85F3F47D-869A-4AEF-9B95-0889D6F1FB1D}.Release|Any CPU.Build.0 = Release|Any CPU
		{68FD4AA4-2E2D-4532-B469-CAF3621E9817}.Debug|Any CPU.ActiveCfg = Debug|Any CPU
		{68FD4AA4-2E2D-4532-B469-CAF3621E9817}.Debug|Any CPU.Build.0 = Debug|Any CPU
		{68FD4AA4-2E2D-4532-B469-CAF3621E9817}.Release|Any CPU.ActiveCfg = Release|Any CPU
		{68FD4AA4-2E2D-4532-B469-CAF3621E9817}.Release|Any CPU.Build.0 = Release|Any CPU
		{9C825FB4-F1EB-4DF0-9B80-C6F41EEAD996}.Debug|Any CPU.ActiveCfg = Debug|Any CPU
		{9C825FB4-F1EB-4DF0-9B80-C6F41EEAD996}.Debug|Any CPU.Build.0 = Debug|Any CPU
		{9C825FB4-F1EB-4DF0-9B80-C6F41EEAD996}.Release|Any CPU.ActiveCfg = Release|Any CPU
		{9C825FB4-F1EB-4DF0-9B80-C6F41EEAD996}.Release|Any CPU.Build.0 = Release|Any CPU
		{C7E3A30A-6D42-44E8-88C9-6C84ADE2804F}.Debug|Any CPU.ActiveCfg = Debug|Any CPU
		{C7E3A30A-6D42-44E8-88C9-6C84ADE2804F}.Debug|Any CPU.Build.0 = Debug|Any CPU
		{C7E3A30A-6D42-44E8-88C9-6C84ADE2804F}.Release|Any CPU.ActiveCfg = Release|Any CPU
		{C7E3A30A-6D42-44E8-88C9-6C84ADE2804F}.Release|Any CPU.Build.0 = Release|Any CPU
	EndGlobalSection
	GlobalSection(SolutionProperties) = preSolution
		HideSolutionNode = FALSE
	EndGlobalSection
	GlobalSection(ExtensibilityGlobals) = postSolution
		SolutionGuid = {F5A7331F-C9A3-4931-8FBF-DD442DA7879F}
	EndGlobalSection
	GlobalSection(NestedProjects) = preSolution
		{5331C089-888F-43EE-B646-58F7CA4A0370} = {89F26D6B-5B3C-4090-A98E-53E5106F205D}
		{8E0E58BB-6A8B-42B0-99F7-5035405FD1B2} = {09398A2A-85D6-4226-87AF-81F0453A318B}
		{4CB45FBE-BA1F-46FE-BE09-94C8125DD781} = {E0AE99AD-809C-4C26-9B1F-8922D6977454}
		{85F3F47D-869A-4AEF-9B95-0889D6F1FB1D} = {CE80A07E-501B-405B-A093-8CD12592D83E}
		{68FD4AA4-2E2D-4532-B469-CAF3621E9817} = {5B41CF99-C8E4-4010-91F3-FCB23E6FA074}
		{9C825FB4-F1EB-4DF0-9B80-C6F41EEAD996} = {2C2E7BBB-EC79-4E2B-8760-DA01F704A6F6}
		{C7E3A30A-6D42-44E8-88C9-6C84ADE2804F} = {09398A2A-85D6-4226-87AF-81F0453A318B}
	EndGlobalSection
EndGlobal
