
Microsoft Visual Studio Solution File, Format Version 12.00
# Visual Studio Version 16
VisualStudioVersion = 16.0.810.7
MinimumVisualStudioVersion = 10.0.40219.1
Project("{2150E333-8FDC-42A3-9474-1A3956D46DE8}") = "CleanArchitecture.Application", "CleanArchitecture.Application", "{CE80A07E-501B-405B-A093-8CD12592D83E}"
EndProject
Project("{2150E333-8FDC-42A3-9474-1A3956D46DE8}") = "CleanArchitecture.Infrastructure.IoC", "CleanArchitecture.Infrastructure.IoC", "{5B41CF99-C8E4-4010-91F3-FCB23E6FA074}"
EndProject
Project("{2150E333-8FDC-42A3-9474-1A3956D46DE8}") = "CleanArchitecture.Infrastructure.Data", "CleanArchitecture.Infrastructure.Data", "{E0AE99AD-809C-4C26-9B1F-8922D6977454}"
EndProject
Project("{2150E333-8FDC-42A3-9474-1A3956D46DE8}") = "CleanArchitecture.UI.Mvc", "CleanArchitecture.UI.Mvc", "{89F26D6B-5B3C-4090-A98E-53E5106F205D}"
EndProject
Project("{2150E333-8FDC-42A3-9474-1A3956D46DE8}") = "CleanArchitecture.Domain", "CleanArchitecture.Domain", "{09398A2A-85D6-4226-87AF-81F0453A318B}"
EndProject
Global
	GlobalSection(SolutionConfigurationPlatforms) = preSolution
	EndGlobalSection
	GlobalSection(ProjectConfigurationPlatforms) = postSolution
	EndGlobalSection
	GlobalSection(SolutionProperties) = preSolution
		HideSolutionNode = FALSE
	EndGlobalSection
	GlobalSection(ExtensibilityGlobals) = postSolution
		SolutionGuid = {F5A7331F-C9A3-4931-8FBF-DD442DA7879F}
	EndGlobalSection
EndGlobal
